
Microsoft Visual Studio Solution File, Format Version 12.00
# Visual Studio Version 16
VisualStudioVersion = 16.0.31105.61
MinimumVisualStudioVersion = 10.0.40219.1
Project("{FAE04EC0-301F-11D3-BF4B-00C04F79EFBC}") = "DropCatcher", "DropCatcher\DropCatcher.csproj", "{7AF21140-62BB-4B61-85A8-C6AE2D273351}"
EndProject
Global
	GlobalSection(SolutionConfigurationPlatforms) = preSolution
		Debug|Any CPU = Debug|Any CPU
		Release|Any CPU = Release|Any CPU
	EndGlobalSection
	GlobalSection(ProjectConfigurationPlatforms) = postSolution
		{7AF21140-62BB-4B61-85A8-C6AE2D273351}.Debug|Any CPU.ActiveCfg = Debug|Any CPU
		{7AF21140-62BB-4B61-85A8-C6AE2D273351}.Debug|Any CPU.Build.0 = Debug|Any CPU
		{7AF21140-62BB-4B61-85A8-C6AE2D273351}.Release|Any CPU.ActiveCfg = Release|Any CPU
		{7AF21140-62BB-4B61-85A8-C6AE2D273351}.Release|Any CPU.Build.0 = Release|Any CPU
	EndGlobalSection
	GlobalSection(SolutionProperties) = preSolution
		HideSolutionNode = FALSE
	EndGlobalSection
	GlobalSection(ExtensibilityGlobals) = postSolution
		SolutionGuid = {AADE8103-4777-4FC9-AE9F-AA68BB428CFB}
	EndGlobalSection
EndGlobal
